lockfileVersion: '9.0'
packages:
  '@algolia/autocomplete-core@1.9.3':
    resolution: {integrity: sha512-a}
  '@vuepress/utils@2.0.0':
    resolution: {integrity: sha512-b}
  '@types/foo@1.0.0':
    resolution: {integrity: sha512-c}
  '@scope/bar@patch:bar.patch':
    resolution: {integrity: sha512-d}
  express@4.18.0:
    resolution: {integrity: sha512-e}
